
Microsoft Visual Studio Solution File, Format Version 12.00
# Visual Studio Version 17
VisualStudioVersion = 17.0.32112.339
MinimumVisualStudioVersion = 10.0.40219.1
Project("{8BC9CEB8-8B4A-11D0-8D11-00A0C91BC942}") = "CollinMcDevitt CSCN112 Lab 1", "CollinMcDevitt CSCN112 Lab 1.vcxproj", "{44E816F6-6FC6-4064-BCA4-35A3B2A46CCE}"
EndProject
Global
	GlobalSection(SolutionConfigurationPlatforms) = preSolution
		Debug|x64 = Debug|x64
		Debug|x86 = Debug|x86
		Release|x64 = Release|x64
		Release|x86 = Release|x86
	EndGlobalSection
	GlobalSection(ProjectConfigurationPlatforms) = postSolution
		{44E816F6-6FC6-4064-BCA4-35A3B2A46CCE}.Debug|x64.ActiveCfg = Debug|x64
		{44E816F6-6FC6-4064-BCA4-35A3B2A46CCE}.Debug|x64.Build.0 = Debug|x64
		{44E816F6-6FC6-4064-BCA4-35A3B2A46CCE}.Debug|x86.ActiveCfg = Debug|Win32
		{44E816F6-6FC6-4064-BCA4-35A3B2A46CCE}.Debug|x86.Build.0 = Debug|Win32
		{44E816F6-6FC6-4064-BCA4-35A3B2A46CCE}.Release|x64.ActiveCfg = Release|x64
		{44E816F6-6FC6-4064-BCA4-35A3B2A46CCE}.Release|x64.Build.0 = Release|x64
		{44E816F6-6FC6-4064-BCA4-35A3B2A46CCE}.Release|x86.ActiveCfg = Release|Win32
		{44E816F6-6FC6-4064-BCA4-35A3B2A46CCE}.Release|x86.Build.0 = Release|Win32
	EndGlobalSection
	GlobalSection(SolutionProperties) = preSolution
		HideSolutionNode = FALSE
	EndGlobalSection
	GlobalSection(ExtensibilityGlobals) = postSolution
		SolutionGuid = {8C39C202-DA55-436A-9DAF-0EFCF5449ECE}
	EndGlobalSection
EndGlobal
